
Microsoft Visual Studio Solution File, Format Version 12.00
# Visual Studio 15
VisualStudioVersion = 15.0.28010.2046
MinimumVisualStudioVersion = 10.0.40219.1
Project("{FAE04EC0-301F-11D3-BF4B-00C04F79EFBC}") = "Vivcom_Task", "Vivcom_Task\Vivcom_Task.csproj", "{31A59A13-01D2-4216-B2C8-54BE46AB67EF}"
EndProject
Global
	GlobalSection(SolutionConfigurationPlatforms) = preSolution
		Debug|Any CPU = Debug|Any CPU
		Release|Any CPU = Release|Any CPU
	EndGlobalSection
	GlobalSection(ProjectConfigurationPlatforms) = postSolution
		{31A59A13-01D2-4216-B2C8-54BE46AB67EF}.Debug|Any CPU.ActiveCfg = Debug|Any CPU
		{31A59A13-01D2-4216-B2C8-54BE46AB67EF}.Debug|Any CPU.Build.0 = Debug|Any CPU
		{31A59A13-01D2-4216-B2C8-54BE46AB67EF}.Release|Any CPU.ActiveCfg = Release|Any CPU
		{31A59A13-01D2-4216-B2C8-54BE46AB67EF}.Release|Any CPU.Build.0 = Release|Any CPU
	EndGlobalSection
	GlobalSection(SolutionProperties) = preSolution
		HideSolutionNode = FALSE
	EndGlobalSection
	GlobalSection(ExtensibilityGlobals) = postSolution
		SolutionGuid = {48BB3199-863C-4906-9DA2-5FE280B7A877}
	EndGlobalSection
EndGlobal
